{
    "name": "peertube-plugin-sofatube-videoform",
    "version": "0.0.12",
    "lockfileVersion": 3,
    "requires": true,
    "packages": {
        "": {
            "name": "peertube-plugin-sofatube-videoform",
            "version": "0.0.12",
            "license": "UNLICENSED"
        }
    }
}
